// !$*UTF8*$!
{
	archiveVersion = 1;
	classes = {
	};
	objectVersion = 56;
	objects = {

/* Begin PBXBuildFile section */
		C21E6A022AFA421900307366 /* nbaApp.swift in Sources */ = {isa = PBXBuildFile; fileRef = C21E6A012AFA421900307366 /* nbaApp.swift */; };
		C21E6A042AFA421900307366 /* ContentView.swift in Sources */ = {isa = PBXBuildFile; fileRef = C21E6A032AFA421900307366 /* ContentView.swift */; };
		C21E6A062AFA421B00307366 /* Assets.xcassets in Resources */ = {isa = PBXBuildFile; fileRef = C21E6A052AFA421B00307366 /* Assets.xcassets */; };
		C21E6A0A2AFA421B00307366 /* Preview Assets.xcassets in Resources */ = {isa = PBXBuildFile; fileRef = C21E6A092AFA421B00307366 /* Preview Assets.xcassets */; };
		C21E6A142AFA421B00307366 /* nbaTests.swift in Sources */ = {isa = PBXBuildFile; fileRef = C21E6A132AFA421B00307366 /* nbaTests.swift */; };
		C21E6A1E2AFA421B00307366 /* nbaUITests.swift in Sources */ = {isa = PBXBuildFile; fileRef = C21E6A1D2AFA421B00307366 /* nbaUITests.swift */; };
		C21E6A202AFA421B00307366 /* nbaUITestsLaunchTests.swift in Sources */ = {isa = PBXBuildFile; fileRef = C21E6A1F2AFA421B00307366 /* nbaUITestsLaunchTests.swift */; };
		C23AF2F42AFB816700984545 /* FirebaseFirestoreSwift in Frameworks */ = {isa = PBXBuildFile; productRef = C23AF2F32AFB816700984545 /* FirebaseFirestoreSwift */; };
		C23AF2F72AFB833700984545 /* GoogleMobileAds in Frameworks */ = {isa = PBXBuildFile; productRef = C23AF2F62AFB833700984545 /* GoogleMobileAds */; };
/* End PBXBuildFile section */

/* Begin PBXContainerItemProxy section */
		C21E6A102AFA421B00307366 /* PBXContainerItemProxy */ = {
			isa = PBXContainerItemProxy;
			containerPortal = C21E69F62AFA421900307366 /* Project object */;
			proxyType = 1;
			remoteGlobalIDString = C21E69FD2AFA421900307366;
			remoteInfo = nba;
		};
		C21E6A1A2AFA421B00307366 /* PBXContainerItemProxy */ = {
			isa = PBXContainerItemProxy;
			containerPortal = C21E69F62AFA421900307366 /* Project object */;
			proxyType = 1;
			remoteGlobalIDString = C21E69FD2AFA421900307366;
			remoteInfo = nba;
		};
/* End PBXContainerItemProxy section */

/* Begin PBXFileReference section */
		C21E69FE2AFA421900307366 /* nba.app */ = {isa = PBXFileReference; explicitFileType = wrapper.application; includeInIndex = 0; path = nba.app; sourceTree = BUILT_PRODUCTS_DIR; };
		C21E6A012AFA421900307366 /* nbaApp.swift */ = {isa = PBXFileReference; lastKnownFileType = sourcecode.swift; path = nbaApp.swift; sourceTree = "<group>"; };
		C21E6A032AFA421900307366 /* ContentView.swift */ = {isa = PBXFileReference; lastKnownFileType = sourcecode.swift; path = ContentView.swift; sourceTree = "<group>"; };
		C21E6A052AFA421B00307366 /* Assets.xcassets */ = {isa = PBXFileReference; lastKnownFileType = folder.assetcatalog; path = Assets.xcassets; sourceTree = "<group>"; };
		C21E6A072AFA421B00307366 /* nba.entitlements */ = {isa = PBXFileReference; lastKnownFileType = text.plist.entitlements; path = nba.entitlements; sourceTree = "<group>"; };
		C21E6A092AFA421B00307366 /* Preview Assets.xcassets */ = {isa = PBXFileReference; lastKnownFileType = folder.assetcatalog; path = "Preview Assets.xcassets"; sourceTree = "<group>"; };
		C21E6A0F2AFA421B00307366 /* nbaTests.xctest */ = {isa = PBXFileReference; explicitFileType = wrapper.cfbundle; includeInIndex = 0; path = nbaTests.xctest; sourceTree = BUILT_PRODUCTS_DIR; };
		C21E6A132AFA421B00307366 /* nbaTests.swift */ = {isa = PBXFileReference; lastKnownFileType = sourcecode.swift; path = nbaTests.swift; sourceTree = "<group>"; };
		C21E6A192AFA421B00307366 /* nbaUITests.xctest */ = {isa = PBXFileReference; explicitFileType = wrapper.cfbundle; includeInIndex = 0; path = nbaUITests.xctest; sourceTree = BUILT_PRODUCTS_DIR; };
		C21E6A1D2AFA421B00307366 /* nbaUITests.swift */ = {isa = PBXFileReference; lastKnownFileType = sourcecode.swift; path = nbaUITests.swift; sourceTree = "<group>"; };
		C21E6A1F2AFA421B00307366 /* nbaUITestsLaunchTests.swift */ = {isa = PBXFileReference; lastKnownFileType = sourcecode.swift; path = nbaUITestsLaunchTests.swift; sourceTree = "<group>"; };
/* End PBXFileReference section */

/* Begin PBXFrameworksBuildPhase section */
		C21E69FB2AFA421900307366 /* Frameworks */ = {
			isa = PBXFrameworksBuildPhase;
			buildActionMask = 2147483647;
			files = (
				C23AF2F72AFB833700984545 /* GoogleMobileAds in Frameworks */,
				C23AF2F42AFB816700984545 /* FirebaseFirestoreSwift in Frameworks */,
			);
			runOnlyForDeploymentPostprocessing = 0;
		};
		C21E6A0C2AFA421B00307366 /* Frameworks */ = {
			isa = PBXFrameworksBuildPhase;
			buildActionMask = 2147483647;
			files = (
			);
			runOnlyForDeploymentPostprocessing = 0;
		};
		C21E6A162AFA421B00307366 /* Frameworks */ = {
			isa = PBXFrameworksBuildPhase;
			buildActionMask = 2147483647;
			files = (
			);
			runOnlyForDeploymentPostprocessing = 0;
		};
/* End PBXFrameworksBuildPhase section */

/* Begin PBXGroup section */
		C21E69F52AFA421900307366 = {
			isa = PBXGroup;
			children = (
				C21E6A002AFA421900307366 /* nba */,
				C21E6A122AFA421B00307366 /* nbaTests */,
				C21E6A1C2AFA421B00307366 /* nbaUITests */,
				C21E69FF2AFA421900307366 /* Products */,
			);
			sourceTree = "<group>";
		};
		C21E69FF2AFA421900307366 /* Products */ = {
			isa = PBXGroup;
			children = (
				C21E69FE2AFA421900307366 /* nba.app */,
				C21E6A0F2AFA421B00307366 /* nbaTests.xctest */,
				C21E6A192AFA421B00307366 /* nbaUITests.xctest */,
			);
			name = Products;
			sourceTree = "<group>";
		};
		C21E6A002AFA421900307366 /* nba */ = {
			isa = PBXGroup;
			children = (
				C21E6A012AFA421900307366 /* nbaApp.swift */,
				C21E6A032AFA421900307366 /* ContentView.swift */,
				C21E6A052AFA421B00307366 /* Assets.xcassets */,
				C21E6A072AFA421B00307366 /* nba.entitlements */,
				C21E6A082AFA421B00307366 /* Preview Content */,
			);
			path = nba;
			sourceTree = "<group>";
		};
		C21E6A082AFA421B00307366 /* Preview Content */ = {
			isa = PBXGroup;
			children = (
				C21E6A092AFA421B00307366 /* Preview Assets.xcassets */,
			);
			path = "Preview Content";
			sourceTree = "<group>";
		};
		C21E6A122AFA421B00307366 /* nbaTests */ = {
			isa = PBXGroup;
			children = (
				C21E6A132AFA421B00307366 /* nbaTests.swift */,
			);
			path = nbaTests;
			sourceTree = "<group>";
		};
		C21E6A1C2AFA421B00307366 /* nbaUITests */ = {
			isa = PBXGroup;
			children = (
				C21E6A1D2AFA421B00307366 /* nbaUITests.swift */,
				C21E6A1F2AFA421B00307366 /* nbaUITestsLaunchTests.swift */,
			);
			path = nbaUITests;
			sourceTree = "<group>";
		};
/* End PBXGroup section */

/* Begin PBXNativeTarget section */
		C21E69FD2AFA421900307366 /* nba */ = {
			isa = PBXNativeTarget;
			buildConfigurationList = C21E6A232AFA421B00307366 /* Build configuration list for PBXNativeTarget "nba" */;
			buildPhases = (
				C21E69FA2AFA421900307366 /* Sources */,
				C21E69FB2AFA421900307366 /* Frameworks */,
				C21E69FC2AFA421900307366 /* Resources */,
			);
			buildRules = (
			);
			dependencies = (
			);
			name = nba;
			packageProductDependencies = (
				C23AF2F32AFB816700984545 /* FirebaseFirestoreSwift */,
				C23AF2F62AFB833700984545 /* GoogleMobileAds */,
			);
			productName = nba;
			productReference = C21E69FE2AFA421900307366 /* nba.app */;
			productType = "com.apple.product-type.application";
		};
		C21E6A0E2AFA421B00307366 /* nbaTests */ = {
			isa = PBXNativeTarget;
			buildConfigurationList = C21E6A262AFA421B00307366 /* Build configuration list for PBXNativeTarget "nbaTests" */;
			buildPhases = (
				C21E6A0B2AFA421B00307366 /* Sources */,
				C21E6A0C2AFA421B00307366 /* Frameworks */,
				C21E6A0D2AFA421B00307366 /* Resources */,
			);
			buildRules = (
			);
			dependencies = (
				C21E6A112AFA421B00307366 /* PBXTargetDependency */,
			);
			name = nbaTests;
			productName = nbaTests;
			productReference = C21E6A0F2AFA421B00307366 /* nbaTests.xctest */;
			productType = "com.apple.product-type.bundle.unit-test";
		};
		C21E6A182AFA421B00307366 /* nbaUITests */ = {
			isa = PBXNativeTarget;
			buildConfigurationList = C21E6A292AFA421B00307366 /* Build configuration list for PBXNativeTarget "nbaUITests" */;
			buildPhases = (
				C21E6A152AFA421B00307366 /* Sources */,
				C21E6A162AFA421B00307366 /* Frameworks */,
				C21E6A172AFA421B00307366 /* Resources */,
			);
			buildRules = (
			);
			dependencies = (
				C21E6A1B2AFA421B00307366 /* PBXTargetDependency */,
			);
			name = nbaUITests;
			productName = nbaUITests;
			productReference = C21E6A192AFA421B00307366 /* nbaUITests.xctest */;
			productType = "com.apple.product-type.bundle.ui-testing";
		};
/* End PBXNativeTarget section */

/* Begin PBXProject section */
		C21E69F62AFA421900307366 /* Project object */ = {
			isa = PBXProject;
			attributes = {
				BuildIndependentTargetsInParallel = 1;
				LastSwiftUpdateCheck = 1430;
				LastUpgradeCheck = 1430;
				TargetAttributes = {
					C21E69FD2AFA421900307366 = {
						CreatedOnToolsVersion = 14.3.1;
					};
					C21E6A0E2AFA421B00307366 = {
						CreatedOnToolsVersion = 14.3.1;
						TestTargetID = C21E69FD2AFA421900307366;
					};
					C21E6A182AFA421B00307366 = {
						CreatedOnToolsVersion = 14.3.1;
						TestTargetID = C21E69FD2AFA421900307366;
					};
				};
			};
			buildConfigurationList = C21E69F92AFA421900307366 /* Build configuration list for PBXProject "nba" */;
			compatibilityVersion = "Xcode 14.0";
			developmentRegion = en;
			hasScannedForEncodings = 0;
			knownRegions = (
				en,
				Base,
			);
			mainGroup = C21E69F52AFA421900307366;
			packageReferences = (
				C23AF2F22AFB816700984545 /* XCRemoteSwiftPackageReference "firebase-ios-sdk" */,
				C23AF2F52AFB833700984545 /* XCRemoteSwiftPackageReference "swift-package-manager-google-mobile-ads" */,
			);
			productRefGroup = C21E69FF2AFA421900307366 /* Products */;
			projectDirPath = "";
			projectRoot = "";
			targets = (
				C21E69FD2AFA421900307366 /* nba */,
				C21E6A0E2AFA421B00307366 /* nbaTests */,
				C21E6A182AFA421B00307366 /* nbaUITests */,
			);
		};
/* End PBXProject section */

/* Begin PBXResourcesBuildPhase section */
		C21E69FC2AFA421900307366 /* Resources */ = {
			isa = PBXResourcesBuildPhase;
			buildActionMask = 2147483647;
			files = (
				C21E6A0A2AFA421B00307366 /* Preview Assets.xcassets in Resources */,
				C21E6A062AFA421B00307366 /* Assets.xcassets in Resources */,
			);
			runOnlyForDeploymentPostprocessing = 0;
		};
		C21E6A0D2AFA421B00307366 /* Resources */ = {
			isa = PBXResourcesBuildPhase;
			buildActionMask = 2147483647;
			files = (
			);
			runOnlyForDeploymentPostprocessing = 0;
		};
		C21E6A172AFA421B00307366 /* Resources */ = {
			isa = PBXResourcesBuildPhase;
			buildActionMask = 2147483647;
			files = (
			);
			runOnlyForDeploymentPostprocessing = 0;
		};
/* End PBXResourcesBuildPhase section */

/* Begin PBXSourcesBuildPhase section */
		C21E69FA2AFA421900307366 /* Sources */ = {
			isa = PBXSourcesBuildPhase;
			buildActionMask = 2147483647;
			files = (
				C21E6A042AFA421900307366 /* ContentView.swift in Sources */,
				C21E6A022AFA421900307366 /* nbaApp.swift in Sources */,
			);
			runOnlyForDeploymentPostprocessing = 0;
		};
		C21E6A0B2AFA421B00307366 /* Sources */ = {
			isa = PBXSourcesBuildPhase;
			buildActionMask = 2147483647;
			files = (
				C21E6A142AFA421B00307366 /* nbaTests.swift in Sources */,
			);
			runOnlyForDeploymentPostprocessing = 0;
		};
		C21E6A152AFA421B00307366 /* Sources */ = {
			isa = PBXSourcesBuildPhase;
			buildActionMask = 2147483647;
			files = (
				C21E6A202AFA421B00307366 /* nbaUITestsLaunchTests.swift in Sources */,
				C21E6A1E2AFA421B00307366 /* nbaUITests.swift in Sources */,
			);
			runOnlyForDeploymentPostprocessing = 0;
		};
/* End PBXSourcesBuildPhase section */

/* Begin PBXTargetDependency section */
		C21E6A112AFA421B00307366 /* PBXTargetDependency */ = {
			isa = PBXTargetDependency;
			target = C21E69FD2AFA421900307366 /* nba */;
			targetProxy = C21E6A102AFA421B00307366 /* PBXContainerItemProxy */;
		};
		C21E6A1B2AFA421B00307366 /* PBXTargetDependency */ = {
			isa = PBXTargetDependency;
			target = C21E69FD2AFA421900307366 /* nba */;
			targetProxy = C21E6A1A2AFA421B00307366 /* PBXContainerItemProxy */;
		};
/* End PBXTargetDependency section */

/* Begin XCBuildConfiguration section */
		C21E6A212AFA421B00307366 /* Debug */ = {
			isa = XCBuildConfiguration;
			buildSettings = {
				ALWAYS_SEARCH_USER_PATHS = NO;
				CLANG_ANALYZER_NONNULL = YES;
				CLANG_ANALYZER_NUMBER_OBJECT_CONVERSION = YES_AGGRESSIVE;
				CLANG_CXX_LANGUAGE_STANDARD = "gnu++20";
				CLANG_ENABLE_MODULES = YES;
				CLANG_ENABLE_OBJC_ARC = YES;
				CLANG_ENABLE_OBJC_WEAK = YES;
				CLANG_WARN_BLOCK_CAPTURE_AUTORELEASING = YES;
				CLANG_WARN_BOOL_CONVERSION = YES;
				CLANG_WARN_COMMA = YES;
				CLANG_WARN_CONSTANT_CONVERSION = YES;
				CLANG_WARN_DEPRECATED_OBJC_IMPLEMENTATIONS = YES;
				CLANG_WARN_DIRECT_OBJC_ISA_USAGE = YES_ERROR;
				CLANG_WARN_DOCUMENTATION_COMMENTS = YES;
				CLANG_WARN_EMPTY_BODY = YES;
				CLANG_WARN_ENUM_CONVERSION = YES;
				CLANG_WARN_INFINITE_RECURSION = YES;
				CLANG_WARN_INT_CONVERSION = YES;
				CLANG_WARN_NON_LITERAL_NULL_CONVERSION = YES;
				CLANG_WARN_OBJC_IMPLICIT_RETAIN_SELF = YES;
				CLANG_WARN_OBJC_LITERAL_CONVERSION = YES;
				CLANG_WARN_OBJC_ROOT_CLASS = YES_ERROR;
				CLANG_WARN_QUOTED_INCLUDE_IN_FRAMEWORK_HEADER = YES;
				CLANG_WARN_RANGE_LOOP_ANALYSIS = YES;
				CLANG_WARN_STRICT_PROTOTYPES = YES;
				CLANG_WARN_SUSPICIOUS_MOVE = YES;
				CLANG_WARN_UNGUARDED_AVAILABILITY = YES_AGGRESSIVE;
				CLANG_WARN_UNREACHABLE_CODE = YES;
				CLANG_WARN__DUPLICATE_METHOD_MATCH = YES;
				COPY_PHASE_STRIP = NO;
				DEBUG_INFORMATION_FORMAT = dwarf;
				ENABLE_STRICT_OBJC_MSGSEND = YES;
				ENABLE_TESTABILITY = YES;
				GCC_C_LANGUAGE_STANDARD = gnu11;
				GCC_DYNAMIC_NO_PIC = NO;
				GCC_NO_COMMON_BLOCKS = YES;
				GCC_OPTIMIZATION_LEVEL = 0;
				GCC_PREPROCESSOR_DEFINITIONS = (
					"DEBUG=1",
					"$(inherited)",
				);
				GCC_WARN_64_TO_32_BIT_CONVERSION = YES;
				GCC_WARN_ABOUT_RETURN_TYPE = YES_ERROR;
				GCC_WARN_UNDECLARED_SELECTOR = YES;
				GCC_WARN_UNINITIALIZED_AUTOS = YES_AGGRESSIVE;
				GCC_WARN_UNUSED_FUNCTION = YES;
				GCC_WARN_UNUSED_VARIABLE = YES;
				MTL_ENABLE_DEBUG_INFO = INCLUDE_SOURCE;
				MTL_FAST_MATH = YES;
				ONLY_ACTIVE_ARCH = YES;
				SWIFT_ACTIVE_COMPILATION_CONDITIONS = DEBUG;
				SWIFT_OPTIMIZATION_LEVEL = "-Onone";
			};
			name = Debug;
		};
		C21E6A222AFA421B00307366 /* Release */ = {
			isa = XCBuildConfiguration;
			buildSettings = {
				ALWAYS_SEARCH_USER_PATHS = NO;
				CLANG_ANALYZER_NONNULL = YES;
				CLANG_ANALYZER_NUMBER_OBJECT_CONVERSION = YES_AGGRESSIVE;
				CLANG_CXX_LANGUAGE_STANDARD = "gnu++20";
				CLANG_ENABLE_MODULES = YES;
				CLANG_ENABLE_OBJC_ARC = YES;
				CLANG_ENABLE_OBJC_WEAK = YES;
				CLANG_WARN_BLOCK_CAPTURE_AUTORELEASING = YES;
				CLANG_WARN_BOOL_CONVERSION = YES;
				CLANG_WARN_COMMA = YES;
				CLANG_WARN_CONSTANT_CONVERSION = YES;
				CLANG_WARN_DEPRECATED_OBJC_IMPLEMENTATIONS = YES;
				CLANG_WARN_DIRECT_OBJC_ISA_USAGE = YES_ERROR;
				CLANG_WARN_DOCUMENTATION_COMMENTS = YES;
				CLANG_WARN_EMPTY_BODY = YES;
				CLANG_WARN_ENUM_CONVERSION = YES;
				CLANG_WARN_INFINITE_RECURSION = YES;
				CLANG_WARN_INT_CONVERSION = YES;
				CLANG_WARN_NON_LITERAL_NULL_CONVERSION = YES;
				CLANG_WARN_OBJC_IMPLICIT_RETAIN_SELF = YES;
				CLANG_WARN_OBJC_LITERAL_CONVERSION = YES;
				CLANG_WARN_OBJC_ROOT_CLASS = YES_ERROR;
				CLANG_WARN_QUOTED_INCLUDE_IN_FRAMEWORK_HEADER = YES;
				CLANG_WARN_RANGE_LOOP_ANALYSIS = YES;
				CLANG_WARN_STRICT_PROTOTYPES = YES;
				CLANG_WARN_SUSPICIOUS_MOVE = YES;
				CLANG_WARN_UNGUARDED_AVAILABILITY = YES_AGGRESSIVE;
				CLANG_WARN_UNREACHABLE_CODE = YES;
				CLANG_WARN__DUPLICATE_METHOD_MATCH = YES;
				COPY_PHASE_STRIP = NO;
				DEBUG_INFORMATION_FORMAT = "dwarf-with-dsym";
				ENABLE_NS_ASSERTIONS = NO;
				ENABLE_STRICT_OBJC_MSGSEND = YES;
				GCC_C_LANGUAGE_STANDARD = gnu11;
				GCC_NO_COMMON_BLOCKS = YES;
				GCC_WARN_64_TO_32_BIT_CONVERSION = YES;
				GCC_WARN_ABOUT_RETURN_TYPE = YES_ERROR;
				GCC_WARN_UNDECLARED_SELECTOR = YES;
				GCC_WARN_UNINITIALIZED_AUTOS = YES_AGGRESSIVE;
				GCC_WARN_UNUSED_FUNCTION = YES;
				GCC_WARN_UNUSED_VARIABLE = YES;
				MTL_ENABLE_DEBUG_INFO = NO;
				MTL_FAST_MATH = YES;
				SWIFT_COMPILATION_MODE = wholemodule;
				SWIFT_OPTIMIZATION_LEVEL = "-O";
			};
			name = Release;
		};
		C21E6A242AFA421B00307366 /* Debug */ = {
			isa = XCBuildConfiguration;
			buildSettings = {
				ASSETCATALOG_COMPILER_APPICON_NAME = AppIcon;
				ASSETCATALOG_COMPILER_GLOBAL_ACCENT_COLOR_NAME = AccentColor;
				CODE_SIGN_ENTITLEMENTS = nba/nba.entitlements;
				CODE_SIGN_STYLE = Automatic;
				CURRENT_PROJECT_VERSION = 1;
				DEVELOPMENT_ASSET_PATHS = "\"nba/Preview Content\"";
				DEVELOPMENT_TEAM = B9SDD9KWUJ;
				ENABLE_HARDENED_RUNTIME = YES;
				ENABLE_PREVIEWS = YES;
				GENERATE_INFOPLIST_FILE = YES;
				"INFOPLIST_KEY_UIApplicationSceneManifest_Generation[sdk=iphoneos*]" = YES;
				"INFOPLIST_KEY_UIApplicationSceneManifest_Generation[sdk=iphonesimulator*]" = YES;
				"INFOPLIST_KEY_UIApplicationSupportsIndirectInputEvents[sdk=iphoneos*]" = YES;
				"INFOPLIST_KEY_UIApplicationSupportsIndirectInputEvents[sdk=iphonesimulator*]" = YES;
				"INFOPLIST_KEY_UILaunchScreen_Generation[sdk=iphoneos*]" = YES;
				"INFOPLIST_KEY_UILaunchScreen_Generation[sdk=iphonesimulator*]" = YES;
				"INFOPLIST_KEY_UIStatusBarStyle[sdk=iphoneos*]" = UIStatusBarStyleDefault;
				"INFOPLIST_KEY_UIStatusBarStyle[sdk=iphonesimulator*]" = UIStatusBarStyleDefault;
				INFOPLIST_KEY_UISupportedInterfaceOrientations_iPad = "UIInterfaceOrientationPortrait UIInterfaceOrientationPortraitUpsideDown UIInterfaceOrientationLandscapeLeft UIInterfaceOrientationLandscapeRight";
				INFOPLIST_KEY_UISupportedInterfaceOrientations_iPhone = "UIInterfaceOrientationPortrait UIInterfaceOrientationLandscapeLeft UIInterfaceOrientationLandscapeRight";
				IPHONEOS_DEPLOYMENT_TARGET = 16.0;
				LD_RUNPATH_SEARCH_PATHS = "@executable_path/Frameworks";
				"LD_RUNPATH_SEARCH_PATHS[sdk=macosx*]" = "@executable_path/../Frameworks";
				MACOSX_DEPLOYMENT_TARGET = 13.2;
				MARKETING_VERSION = 1.0;
				PRODUCT_BUNDLE_IDENTIFIER = com.spearhead.nba;
				PRODUCT_NAME = "$(TARGET_NAME)";
				SDKROOT = auto;
				SUPPORTED_PLATFORMS = "iphoneos iphonesimulator macosx";
				SWIFT_EMIT_LOC_STRINGS = YES;
				SWIFT_VERSION = 5.0;
				TARGETED_DEVICE_FAMILY = "1,2";
			};
			name = Debug;
		};
		C21E6A252AFA421B00307366 /* Release */ = {
			isa = XCBuildConfiguration;
			buildSettings = {
				ASSETCATALOG_COMPILER_APPICON_NAME = AppIcon;
				ASSETCATALOG_COMPILER_GLOBAL_ACCENT_COLOR_NAME = AccentColor;
				CODE_SIGN_ENTITLEMENTS = nba/nba.entitlements;
				CODE_SIGN_STYLE = Automatic;
				CURRENT_PROJECT_VERSION = 1;
				DEVELOPMENT_ASSET_PATHS = "\"nba/Preview Content\"";
				DEVELOPMENT_TEAM = B9SDD9KWUJ;
				ENABLE_HARDENED_RUNTIME = YES;
				ENABLE_PREVIEWS = YES;
				GENERATE_INFOPLIST_FILE = YES;
				"INFOPLIST_KEY_UIApplicationSceneManifest_Generation[sdk=iphoneos*]" = YES;
				"INFOPLIST_KEY_UIApplicationSceneManifest_Generation[sdk=iphonesimulator*]" = YES;
				"INFOPLIST_KEY_UIApplicationSupportsIndirectInputEvents[sdk=iphoneos*]" = YES;
				"INFOPLIST_KEY_UIApplicationSupportsIndirectInputEvents[sdk=iphonesimulator*]" = YES;
				"INFOPLIST_KEY_UILaunchScreen_Generation[sdk=iphoneos*]" = YES;
				"INFOPLIST_KEY_UILaunchScreen_Generation[sdk=iphonesimulator*]" = YES;
				"INFOPLIST_KEY_UIStatusBarStyle[sdk=iphoneos*]" = UIStatusBarStyleDefault;
				"INFOPLIST_KEY_UIStatusBarStyle[sdk=iphonesimulator*]" = UIStatusBarStyleDefault;
				INFOPLIST_KEY_UISupportedInterfaceOrientations_iPad = "UIInterfaceOrientationPortrait UIInterfaceOrientationPortraitUpsideDown UIInterfaceOrientationLandscapeLeft UIInterfaceOrientationLandscapeRight";
				INFOPLIST_KEY_UISupportedInterfaceOrientations_iPhone = "UIInterfaceOrientationPortrait UIInterfaceOrientationLandscapeLeft UIInterfaceOrientationLandscapeRight";
				IPHONEOS_DEPLOYMENT_TARGET = 16.0;
				LD_RUNPATH_SEARCH_PATHS = "@executable_path/Frameworks";
				"LD_RUNPATH_SEARCH_PATHS[sdk=macosx*]" = "@executable_path/../Frameworks";
				MACOSX_DEPLOYMENT_TARGET = 13.2;
				MARKETING_VERSION = 1.0;
				PRODUCT_BUNDLE_IDENTIFIER = com.spearhead.nba;
				PRODUCT_NAME = "$(TARGET_NAME)";
				SDKROOT = auto;
				SUPPORTED_PLATFORMS = "iphoneos iphonesimulator macosx";
				SWIFT_EMIT_LOC_STRINGS = YES;
				SWIFT_VERSION = 5.0;
				TARGETED_DEVICE_FAMILY = "1,2";
			};
			name = Release;
		};
		C21E6A272AFA421B00307366 /* Debug */ = {
			isa = XCBuildConfiguration;
			buildSettings = {
				ALWAYS_EMBED_SWIFT_STANDARD_LIBRARIES = YES;
				BUNDLE_LOADER = "$(TEST_HOST)";
				CODE_SIGN_STYLE = Automatic;
				CURRENT_PROJECT_VERSION = 1;
				DEVELOPMENT_TEAM = B9SDD9KWUJ;
				GENERATE_INFOPLIST_FILE = YES;
				IPHONEOS_DEPLOYMENT_TARGET = 16.4;
				MACOSX_DEPLOYMENT_TARGET = 13.2;
				MARKETING_VERSION = 1.0;
				PRODUCT_BUNDLE_IDENTIFIER = com.spearhead.nbaTests;
				PRODUCT_NAME = "$(TARGET_NAME)";
				SDKROOT = auto;
				SUPPORTED_PLATFORMS = "iphoneos iphonesimulator macosx";
				SWIFT_EMIT_LOC_STRINGS = NO;
				SWIFT_VERSION = 5.0;
				TARGETED_DEVICE_FAMILY = "1,2";
				TEST_HOST = "$(BUILT_PRODUCTS_DIR)/nba.app/$(BUNDLE_EXECUTABLE_FOLDER_PATH)/nba";
			};
			name = Debug;
		};
		C21E6A282AFA421B00307366 /* Release */ = {
			isa = XCBuildConfiguration;
			buildSettings = {
				ALWAYS_EMBED_SWIFT_STANDARD_LIBRARIES = YES;
				BUNDLE_LOADER = "$(TEST_HOST)";
				CODE_SIGN_STYLE = Automatic;
				CURRENT_PROJECT_VERSION = 1;
				DEVELOPMENT_TEAM = B9SDD9KWUJ;
				GENERATE_INFOPLIST_FILE = YES;
				IPHONEOS_DEPLOYMENT_TARGET = 16.4;
				MACOSX_DEPLOYMENT_TARGET = 13.2;
				MARKETING_VERSION = 1.0;
				PRODUCT_BUNDLE_IDENTIFIER = com.spearhead.nbaTests;
				PRODUCT_NAME = "$(TARGET_NAME)";
				SDKROOT = auto;
				SUPPORTED_PLATFORMS = "iphoneos iphonesimulator macosx";
				SWIFT_EMIT_LOC_STRINGS = NO;
				SWIFT_VERSION = 5.0;
				TARGETED_DEVICE_FAMILY = "1,2";
				TEST_HOST = "$(BUILT_PRODUCTS_DIR)/nba.app/$(BUNDLE_EXECUTABLE_FOLDER_PATH)/nba";
			};
			name = Release;
		};
		C21E6A2A2AFA421B00307366 /* Debug */ = {
			isa = XCBuildConfiguration;
			buildSettings = {
				ALWAYS_EMBED_SWIFT_STANDARD_LIBRARIES = YES;
				CODE_SIGN_STYLE = Automatic;
				CURRENT_PROJECT_VERSION = 1;
				DEVELOPMENT_TEAM = B9SDD9KWUJ;
				GENERATE_INFOPLIST_FILE = YES;
				IPHONEOS_DEPLOYMENT_TARGET = 16.4;
				MACOSX_DEPLOYMENT_TARGET = 13.2;
				MARKETING_VERSION = 1.0;
				PRODUCT_BUNDLE_IDENTIFIER = com.spearhead.nbaUITests;
				PRODUCT_NAME = "$(TARGET_NAME)";
				SDKROOT = auto;
				SUPPORTED_PLATFORMS = "iphoneos iphonesimulator macosx";
				SWIFT_EMIT_LOC_STRINGS = NO;
				SWIFT_VERSION = 5.0;
				TARGETED_DEVICE_FAMILY = "1,2";
				TEST_TARGET_NAME = nba;
			};
			name = Debug;
		};
		C21E6A2B2AFA421B00307366 /* Release */ = {
			isa = XCBuildConfiguration;
			buildSettings = {
				ALWAYS_EMBED_SWIFT_STANDARD_LIBRARIES = YES;
				CODE_SIGN_STYLE = Automatic;
				CURRENT_PROJECT_VERSION = 1;
				DEVELOPMENT_TEAM = B9SDD9KWUJ;
				GENERATE_INFOPLIST_FILE = YES;
				IPHONEOS_DEPLOYMENT_TARGET = 16.4;
				MACOSX_DEPLOYMENT_TARGET = 13.2;
				MARKETING_VERSION = 1.0;
				PRODUCT_BUNDLE_IDENTIFIER = com.spearhead.nbaUITests;
				PRODUCT_NAME = "$(TARGET_NAME)";
				SDKROOT = auto;
				SUPPORTED_PLATFORMS = "iphoneos iphonesimulator macosx";
				SWIFT_EMIT_LOC_STRINGS = NO;
				SWIFT_VERSION = 5.0;
				TARGETED_DEVICE_FAMILY = "1,2";
				TEST_TARGET_NAME = nba;
			};
			name = Release;
		};
/* End XCBuildConfiguration section */

/* Begin XCConfigurationList section */
		C21E69F92AFA421900307366 /* Build configuration list for PBXProject "nba" */ = {
			isa = XCConfigurationList;
			buildConfigurations = (
				C21E6A212AFA421B00307366 /* Debug */,
				C21E6A222AFA421B00307366 /* Release */,
			);
			defaultConfigurationIsVisible = 0;
			defaultConfigurationName = Release;
		};
		C21E6A232AFA421B00307366 /* Build configuration list for PBXNativeTarget "nba" */ = {
			isa = XCConfigurationList;
			buildConfigurations = (
				C21E6A242AFA421B00307366 /* Debug */,
				C21E6A252AFA421B00307366 /* Release */,
			);
			defaultConfigurationIsVisible = 0;
			defaultConfigurationName = Release;
		};
		C21E6A262AFA421B00307366 /* Build configuration list for PBXNativeTarget "nbaTests" */ = {
			isa = XCConfigurationList;
			buildConfigurations = (
				C21E6A272AFA421B00307366 /* Debug */,
				C21E6A282AFA421B00307366 /* Release */,
			);
			defaultConfigurationIsVisible = 0;
			defaultConfigurationName = Release;
		};
		C21E6A292AFA421B00307366 /* Build configuration list for PBXNativeTarget "nbaUITests" */ = {
			isa = XCConfigurationList;
			buildConfigurations = (
				C21E6A2A2AFA421B00307366 /* Debug */,
				C21E6A2B2AFA421B00307366 /* Release */,
			);
			defaultConfigurationIsVisible = 0;
			defaultConfigurationName = Release;
		};
/* End XCConfigurationList section */

/* Begin XCRemoteSwiftPackageReference section */
		C23AF2F22AFB816700984545 /* XCRemoteSwiftPackageReference "firebase-ios-sdk" */ = {
			isa = XCRemoteSwiftPackageReference;
			repositoryURL = "https://github.com/firebase/firebase-ios-sdk.git";
			requirement = {
				kind = upToNextMajorVersion;
				minimumVersion = 10.0.0;
			};
		};
		C23AF2F52AFB833700984545 /* XCRemoteSwiftPackageReference "swift-package-manager-google-mobile-ads" */ = {
			isa = XCRemoteSwiftPackageReference;
			repositoryURL = "https://github.com/googleads/swift-package-manager-google-mobile-ads.git";
			requirement = {
				kind = upToNextMajorVersion;
				minimumVersion = 10.0.0;
			};
		};
/* End XCRemoteSwiftPackageReference section */

/* Begin XCSwiftPackageProductDependency section */
		C23AF2F32AFB816700984545 /* FirebaseFirestoreSwift */ = {
			isa = XCSwiftPackageProductDependency;
			package = C23AF2F22AFB816700984545 /* XCRemoteSwiftPackageReference "firebase-ios-sdk" */;
			productName = FirebaseFirestoreSwift;
		};
		C23AF2F62AFB833700984545 /* GoogleMobileAds */ = {
			isa = XCSwiftPackageProductDependency;
			package = C23AF2F52AFB833700984545 /* XCRemoteSwiftPackageReference "swift-package-manager-google-mobile-ads" */;
			productName = GoogleMobileAds;
		};
/* End XCSwiftPackageProductDependency section */
	};
	rootObject = C21E69F62AFA421900307366 /* Project object */;
}
